
Microsoft Visual Studio Solution File, Format Version 12.00
# Visual Studio Version 16
VisualStudioVersion = 16.0.34601.136
MinimumVisualStudioVersion = 10.0.40219.1
Project("{FAE04EC0-301F-11D3-BF4B-00C04F79EFBC}") = "lab3s4", "lab3s4\lab3s4.csproj", "{E181F0FD-6E31-4568-A1E2-9D89C016FE34}"
EndProject
Global
	GlobalSection(SolutionConfigurationPlatforms) = preSolution
		Debug|Any CPU = Debug|Any CPU
		Release|Any CPU = Release|Any CPU
	EndGlobalSection
	GlobalSection(ProjectConfigurationPlatforms) = postSolution
		{E181F0FD-6E31-4568-A1E2-9D89C016FE34}.Debug|Any CPU.ActiveCfg = Debug|Any CPU
		{E181F0FD-6E31-4568-A1E2-9D89C016FE34}.Debug|Any CPU.Build.0 = Debug|Any CPU
		{E181F0FD-6E31-4568-A1E2-9D89C016FE34}.Release|Any CPU.ActiveCfg = Release|Any CPU
		{E181F0FD-6E31-4568-A1E2-9D89C016FE34}.Release|Any CPU.Build.0 = Release|Any CPU
	EndGlobalSection
	GlobalSection(SolutionProperties) = preSolution
		HideSolutionNode = FALSE
	EndGlobalSection
	GlobalSection(ExtensibilityGlobals) = postSolution
		SolutionGuid = {75D36B09-8536-4772-90ED-7BB707D7CD6F}
	EndGlobalSection
EndGlobal
